
Microsoft Visual Studio Solution File, Format Version 12.00
# Visual Studio Version 16
VisualStudioVersion = 16.0.31624.102
MinimumVisualStudioVersion = 10.0.40219.1
Project("{2150E333-8FDC-42A3-9474-1A3956D46DE8}") = "Tests", "Tests", "{1311AD97-74F5-4D6E-97B4-C3F7077DF776}"
EndProject
Project("{2150E333-8FDC-42A3-9474-1A3956D46DE8}") = "scripts", "scripts", "{E7DCA3D5-9BEC-408D-B4D1-1BAC27339715}"
EndProject
Project("{2150E333-8FDC-42A3-9474-1A3956D46DE8}") = "src", "src", "{7371566B-58B2-44BA-84B6-0F24D999E597}"
EndProject
Project("{FAE04EC0-301F-11D3-BF4B-00C04F79EFBC}") = "Actio.Api", "Actio.Api\Actio.Api.csproj", "{B0B5D707-F41F-4255-8DCC-4DF4D9FBD854}"
	ProjectSection(ProjectDependencies) = postProject
		{98C7D264-9DA9-490E-8DA9-223066824C24} = {98C7D264-9DA9-490E-8DA9-223066824C24}
		{C821B186-E3EC-4019-8AFD-80EDC5CB963C} = {C821B186-E3EC-4019-8AFD-80EDC5CB963C}
		{46CDB7F8-0255-4D54-8AAD-BA3FB5C8DCED} = {46CDB7F8-0255-4D54-8AAD-BA3FB5C8DCED}
	EndProjectSection
EndProject
Project("{2150E333-8FDC-42A3-9474-1A3956D46DE8}") = "Actio.Services.Activities", "Actio.Services.Activities", "{9A3A0832-4E8A-4968-97EA-4ECDBCE26154}"
EndProject
Project("{FAE04EC0-301F-11D3-BF4B-00C04F79EFBC}") = "Actio.Services.Activities", "Actio.Services.Activities\Actio.Services.Activities.csproj", "{46CDB7F8-0255-4D54-8AAD-BA3FB5C8DCED}"
EndProject
Project("{2150E333-8FDC-42A3-9474-1A3956D46DE8}") = "Actio.Api", "Actio.Api", "{C98BAFA6-B70C-4855-B2A1-0EA8C2D7A11D}"
EndProject
Project("{2150E333-8FDC-42A3-9474-1A3956D46DE8}") = "Actio.Services.Identity", "Actio.Services.Identity", "{FE3B8845-39CC-463B-B2E3-AD04D146B06C}"
EndProject
Project("{FAE04EC0-301F-11D3-BF4B-00C04F79EFBC}") = "Actio.Services.Identity", "Actio.Services.Identity\Actio.Services.Identity.csproj", "{C821B186-E3EC-4019-8AFD-80EDC5CB963C}"
EndProject
Project("{FAE04EC0-301F-11D3-BF4B-00C04F79EFBC}") = "Actio.Common", "Actio.Common\Actio.Common.csproj", "{98C7D264-9DA9-490E-8DA9-223066824C24}"
EndProject
Project("{2150E333-8FDC-42A3-9474-1A3956D46DE8}") = "Actio.Common", "Actio.Common", "{6D7AE1CE-BD9C-48B3-B28E-9D5A28C04354}"
EndProject
Global
	GlobalSection(SolutionConfigurationPlatforms) = preSolution
		Debug|Any CPU = Debug|Any CPU
		Release|Any CPU = Release|Any CPU
	EndGlobalSection
	GlobalSection(ProjectConfigurationPlatforms) = postSolution
		{B0B5D707-F41F-4255-8DCC-4DF4D9FBD854}.Debug|Any CPU.ActiveCfg = Debug|Any CPU
		{B0B5D707-F41F-4255-8DCC-4DF4D9FBD854}.Debug|Any CPU.Build.0 = Debug|Any CPU
		{B0B5D707-F41F-4255-8DCC-4DF4D9FBD854}.Release|Any CPU.ActiveCfg = Release|Any CPU
		{B0B5D707-F41F-4255-8DCC-4DF4D9FBD854}.Release|Any CPU.Build.0 = Release|Any CPU
		{46CDB7F8-0255-4D54-8AAD-BA3FB5C8DCED}.Debug|Any CPU.ActiveCfg = Debug|Any CPU
		{46CDB7F8-0255-4D54-8AAD-BA3FB5C8DCED}.Debug|Any CPU.Build.0 = Debug|Any CPU
		{46CDB7F8-0255-4D54-8AAD-BA3FB5C8DCED}.Release|Any CPU.ActiveCfg = Release|Any CPU
		{46CDB7F8-0255-4D54-8AAD-BA3FB5C8DCED}.Release|Any CPU.Build.0 = Release|Any CPU
		{C821B186-E3EC-4019-8AFD-80EDC5CB963C}.Debug|Any CPU.ActiveCfg = Debug|Any CPU
		{C821B186-E3EC-4019-8AFD-80EDC5CB963C}.Debug|Any CPU.Build.0 = Debug|Any CPU
		{C821B186-E3EC-4019-8AFD-80EDC5CB963C}.Release|Any CPU.ActiveCfg = Release|Any CPU
		{C821B186-E3EC-4019-8AFD-80EDC5CB963C}.Release|Any CPU.Build.0 = Release|Any CPU
		{98C7D264-9DA9-490E-8DA9-223066824C24}.Debug|Any CPU.ActiveCfg = Debug|Any CPU
		{98C7D264-9DA9-490E-8DA9-223066824C24}.Debug|Any CPU.Build.0 = Debug|Any CPU
		{98C7D264-9DA9-490E-8DA9-223066824C24}.Release|Any CPU.ActiveCfg = Release|Any CPU
		{98C7D264-9DA9-490E-8DA9-223066824C24}.Release|Any CPU.Build.0 = Release|Any CPU
	EndGlobalSection
	GlobalSection(SolutionProperties) = preSolution
		HideSolutionNode = FALSE
	EndGlobalSection
	GlobalSection(NestedProjects) = preSolution
		{B0B5D707-F41F-4255-8DCC-4DF4D9FBD854} = {C98BAFA6-B70C-4855-B2A1-0EA8C2D7A11D}
		{9A3A0832-4E8A-4968-97EA-4ECDBCE26154} = {7371566B-58B2-44BA-84B6-0F24D999E597}
		{46CDB7F8-0255-4D54-8AAD-BA3FB5C8DCED} = {9A3A0832-4E8A-4968-97EA-4ECDBCE26154}
		{C98BAFA6-B70C-4855-B2A1-0EA8C2D7A11D} = {7371566B-58B2-44BA-84B6-0F24D999E597}
		{FE3B8845-39CC-463B-B2E3-AD04D146B06C} = {7371566B-58B2-44BA-84B6-0F24D999E597}
		{C821B186-E3EC-4019-8AFD-80EDC5CB963C} = {FE3B8845-39CC-463B-B2E3-AD04D146B06C}
		{98C7D264-9DA9-490E-8DA9-223066824C24} = {6D7AE1CE-BD9C-48B3-B28E-9D5A28C04354}
		{6D7AE1CE-BD9C-48B3-B28E-9D5A28C04354} = {7371566B-58B2-44BA-84B6-0F24D999E597}
	EndGlobalSection
	GlobalSection(ExtensibilityGlobals) = postSolution
		SolutionGuid = {E4ACC509-E5AE-41F9-ADE7-0A65BC55A286}
	EndGlobalSection
EndGlobal
